// !$*UTF8*$!
{
	archiveVersion = 1;
	classes = {
	};
	objectVersion = 50;
	objects = {

/* Begin PBXBuildFile section */
		002DACE22430F749005330B8 /* main.c in Sources */ = {isa = PBXBuildFile; fileRef = 002DACE12430F749005330B8 /* main.c */; };
		002DACEA2430F782005330B8 /* search.c in Sources */ = {isa = PBXBuildFile; fileRef = 002DACE82430F782005330B8 /* search.c */; };
		002DACEB2430F782005330B8 /* tree.c in Sources */ = {isa = PBXBuildFile; fileRef = 002DACE92430F782005330B8 /* tree.c */; };
		0030946A248D2D4300627E03 /* hc_question.c in Sources */ = {isa = PBXBuildFile; fileRef = 00309469248D2D4300627E03 /* hc_question.c */; };
		007DB717248409D600CDB73F /* he_queue.c in Sources */ = {isa = PBXBuildFile; fileRef = 007DB716248409D600CDB73F /* he_queue.c */; };
		007DB7252487AC4600CDB73F /* he_linkedlist.c in Sources */ = {isa = PBXBuildFile; fileRef = 007DB7242487AC4600CDB73F /* he_linkedlist.c */; };
		007DB7282489F44500CDB73F /* he_stack.c in Sources */ = {isa = PBXBuildFile; fileRef = 007DB7272489F44500CDB73F /* he_stack.c */; };
/* End PBXBuildFile section */

/* Begin PBXCopyFilesBuildPhase section */
		002DACDC2430F749005330B8 /* CopyFiles */ = {
			isa = PBXCopyFilesBuildPhase;
			buildActionMask = 2147483647;
			dstPath = /usr/share/man/man1/;
			dstSubfolderSpec = 0;
			files = (
			);
			runOnlyForDeploymentPostprocessing = 1;
		};
/* End PBXCopyFilesBuildPhase section */

/* Begin PBXFileReference section */
		002DACDE2430F749005330B8 /* C */ = {isa = PBXFileReference; explicitFileType = "compiled.mach-o.executable"; includeInIndex = 0; path = C; sourceTree = BUILT_PRODUCTS_DIR; };
		002DACE12430F749005330B8 /* main.c */ = {isa = PBXFileReference; lastKnownFileType = sourcecode.c.c; path = main.c; sourceTree = "<group>"; };
		002DACE82430F782005330B8 /* search.c */ = {isa = PBXFileReference; fileEncoding = 4; lastKnownFileType = sourcecode.c.c; path = search.c; sourceTree = "<group>"; };
		002DACE92430F782005330B8 /* tree.c */ = {isa = PBXFileReference; fileEncoding = 4; lastKnownFileType = sourcecode.c.c; path = tree.c; sourceTree = "<group>"; };
		00309468248D2D4300627E03 /* hc_question.h */ = {isa = PBXFileReference; lastKnownFileType = sourcecode.c.h; path = hc_question.h; sourceTree = "<group>"; };
		00309469248D2D4300627E03 /* hc_question.c */ = {isa = PBXFileReference; lastKnownFileType = sourcecode.c.c; path = hc_question.c; sourceTree = "<group>"; };
		007DB715248409D600CDB73F /* he_queue.h */ = {isa = PBXFileReference; lastKnownFileType = sourcecode.c.h; path = he_queue.h; sourceTree = "<group>"; };
		007DB716248409D600CDB73F /* he_queue.c */ = {isa = PBXFileReference; lastKnownFileType = sourcecode.c.c; path = he_queue.c; sourceTree = "<group>"; };
		007DB7232487AC4600CDB73F /* he_linkedlist.h */ = {isa = PBXFileReference; lastKnownFileType = sourcecode.c.h; path = he_linkedlist.h; sourceTree = "<group>"; };
		007DB7242487AC4600CDB73F /* he_linkedlist.c */ = {isa = PBXFileReference; lastKnownFileType = sourcecode.c.c; path = he_linkedlist.c; sourceTree = "<group>"; };
		007DB7262489F44500CDB73F /* he_stack.h */ = {isa = PBXFileReference; lastKnownFileType = sourcecode.c.h; path = he_stack.h; sourceTree = "<group>"; };
		007DB7272489F44500CDB73F /* he_stack.c */ = {isa = PBXFileReference; lastKnownFileType = sourcecode.c.c; path = he_stack.c; sourceTree = "<group>"; };
		007DB729248A2A5900CDB73F /* he_base.h */ = {isa = PBXFileReference; lastKnownFileType = sourcecode.c.h; path = he_base.h; sourceTree = "<group>"; };
/* End PBXFileReference section */

/* Begin PBXFrameworksBuildPhase section */
		002DACDB2430F749005330B8 /* Frameworks */ = {
			isa = PBXFrameworksBuildPhase;
			buildActionMask = 2147483647;
			files = (
			);
			runOnlyForDeploymentPostprocessing = 0;
		};
/* End PBXFrameworksBuildPhase section */

/* Begin PBXGroup section */
		002DACD52430F749005330B8 = {
			isa = PBXGroup;
			children = (
				002DACE02430F749005330B8 /* C */,
				002DACDF2430F749005330B8 /* Products */,
			);
			sourceTree = "<group>";
		};
		002DACDF2430F749005330B8 /* Products */ = {
			isa = PBXGroup;
			children = (
				002DACDE2430F749005330B8 /* C */,
			);
			name = Products;
			sourceTree = "<group>";
		};
		002DACE02430F749005330B8 /* C */ = {
			isa = PBXGroup;
			children = (
				002DACE82430F782005330B8 /* search.c */,
				002DACE92430F782005330B8 /* tree.c */,
				002DACE12430F749005330B8 /* main.c */,
				007DB715248409D600CDB73F /* he_queue.h */,
				007DB716248409D600CDB73F /* he_queue.c */,
				007DB7232487AC4600CDB73F /* he_linkedlist.h */,
				007DB7242487AC4600CDB73F /* he_linkedlist.c */,
				007DB7262489F44500CDB73F /* he_stack.h */,
				007DB7272489F44500CDB73F /* he_stack.c */,
				007DB729248A2A5900CDB73F /* he_base.h */,
				00309468248D2D4300627E03 /* hc_question.h */,
				00309469248D2D4300627E03 /* hc_question.c */,
			);
			path = C;
			sourceTree = "<group>";
		};
/* End PBXGroup section */

/* Begin PBXNativeTarget section */
		002DACDD2430F749005330B8 /* C */ = {
			isa = PBXNativeTarget;
			buildConfigurationList = 002DACE52430F749005330B8 /* Build configuration list for PBXNativeTarget "C" */;
			buildPhases = (
				002DACDA2430F749005330B8 /* Sources */,
				002DACDB2430F749005330B8 /* Frameworks */,
				002DACDC2430F749005330B8 /* CopyFiles */,
			);
			buildRules = (
			);
			dependencies = (
			);
			name = C;
			productName = C;
			productReference = 002DACDE2430F749005330B8 /* C */;
			productType = "com.apple.product-type.tool";
		};
/* End PBXNativeTarget section */

/* Begin PBXProject section */
		002DACD62430F749005330B8 /* Project object */ = {
			isa = PBXProject;
			attributes = {
				LastUpgradeCheck = 1140;
				ORGANIZATIONNAME = heboyce;
				TargetAttributes = {
					002DACDD2430F749005330B8 = {
						CreatedOnToolsVersion = 11.4;
					};
				};
			};
			buildConfigurationList = 002DACD92430F749005330B8 /* Build configuration list for PBXProject "C" */;
			compatibilityVersion = "Xcode 9.3";
			developmentRegion = en;
			hasScannedForEncodings = 0;
			knownRegions = (
				en,
				Base,
			);
			mainGroup = 002DACD52430F749005330B8;
			productRefGroup = 002DACDF2430F749005330B8 /* Products */;
			projectDirPath = "";
			projectRoot = "";
			targets = (
				002DACDD2430F749005330B8 /* C */,
			);
		};
/* End PBXProject section */

/* Begin PBXSourcesBuildPhase section */
		002DACDA2430F749005330B8 /* Sources */ = {
			isa = PBXSourcesBuildPhase;
			buildActionMask = 2147483647;
			files = (
				002DACEB2430F782005330B8 /* tree.c in Sources */,
				007DB717248409D600CDB73F /* he_queue.c in Sources */,
				0030946A248D2D4300627E03 /* hc_question.c in Sources */,
				002DACE22430F749005330B8 /* main.c in Sources */,
				007DB7282489F44500CDB73F /* he_stack.c in Sources */,
				007DB7252487AC4600CDB73F /* he_linkedlist.c in Sources */,
				002DACEA2430F782005330B8 /* search.c in Sources */,
			);
			runOnlyForDeploymentPostprocessing = 0;
		};
/* End PBXSourcesBuildPhase section */

/* Begin XCBuildConfiguration section */
		002DACE32430F749005330B8 /* Debug */ = {
			isa = XCBuildConfiguration;
			buildSettings = {
				ALWAYS_SEARCH_USER_PATHS = NO;
				CLANG_ANALYZER_NONNULL = YES;
				CLANG_ANALYZER_NUMBER_OBJECT_CONVERSION = YES_AGGRESSIVE;
				CLANG_CXX_LANGUAGE_STANDARD = "gnu++14";
				CLANG_CXX_LIBRARY = "libc++";
				CLANG_ENABLE_MODULES = YES;
				CLANG_ENABLE_OBJC_ARC = YES;
				CLANG_ENABLE_OBJC_WEAK = YES;
				CLANG_WARN_BLOCK_CAPTURE_AUTORELEASING = YES;
				CLANG_WARN_BOOL_CONVERSION = YES;
				CLANG_WARN_COMMA = YES;
				CLANG_WARN_CONSTANT_CONVERSION = YES;
				CLANG_WARN_DEPRECATED_OBJC_IMPLEMENTATIONS = YES;
				CLANG_WARN_DIRECT_OBJC_ISA_USAGE = YES_ERROR;
				CLANG_WARN_DOCUMENTATION_COMMENTS = YES;
				CLANG_WARN_EMPTY_BODY = YES;
				CLANG_WARN_ENUM_CONVERSION = YES;
				CLANG_WARN_INFINITE_RECURSION = YES;
				CLANG_WARN_INT_CONVERSION = YES;
				CLANG_WARN_NON_LITERAL_NULL_CONVERSION = YES;
				CLANG_WARN_OBJC_IMPLICIT_RETAIN_SELF = YES;
				CLANG_WARN_OBJC_LITERAL_CONVERSION = YES;
				CLANG_WARN_OBJC_ROOT_CLASS = YES_ERROR;
				CLANG_WARN_RANGE_LOOP_ANALYSIS = YES;
				CLANG_WARN_STRICT_PROTOTYPES = YES;
				CLANG_WARN_SUSPICIOUS_MOVE = YES;
				CLANG_WARN_UNGUARDED_AVAILABILITY = YES_AGGRESSIVE;
				CLANG_WARN_UNREACHABLE_CODE = YES;
				CLANG_WARN__DUPLICATE_METHOD_MATCH = YES;
				COPY_PHASE_STRIP = NO;
				DEBUG_INFORMATION_FORMAT = dwarf;
				ENABLE_STRICT_OBJC_MSGSEND = YES;
				ENABLE_TESTABILITY = YES;
				GCC_C_LANGUAGE_STANDARD = gnu11;
				GCC_DYNAMIC_NO_PIC = NO;
				GCC_NO_COMMON_BLOCKS = YES;
				GCC_OPTIMIZATION_LEVEL = 0;
				GCC_PREPROCESSOR_DEFINITIONS = (
					"DEBUG=1",
					"$(inherited)",
				);
				GCC_WARN_64_TO_32_BIT_CONVERSION = YES;
				GCC_WARN_ABOUT_RETURN_TYPE = YES_ERROR;
				GCC_WARN_UNDECLARED_SELECTOR = YES;
				GCC_WARN_UNINITIALIZED_AUTOS = YES_AGGRESSIVE;
				GCC_WARN_UNUSED_FUNCTION = YES;
				GCC_WARN_UNUSED_VARIABLE = YES;
				MACOSX_DEPLOYMENT_TARGET = 10.15;
				MTL_ENABLE_DEBUG_INFO = INCLUDE_SOURCE;
				MTL_FAST_MATH = YES;
				ONLY_ACTIVE_ARCH = YES;
				SDKROOT = macosx;
			};
			name = Debug;
		};
		002DACE42430F749005330B8 /* Release */ = {
			isa = XCBuildConfiguration;
			buildSettings = {
				ALWAYS_SEARCH_USER_PATHS = NO;
				CLANG_ANALYZER_NONNULL = YES;
				CLANG_ANALYZER_NUMBER_OBJECT_CONVERSION = YES_AGGRESSIVE;
				CLANG_CXX_LANGUAGE_STANDARD = "gnu++14";
				CLANG_CXX_LIBRARY = "libc++";
				CLANG_ENABLE_MODULES = YES;
				CLANG_ENABLE_OBJC_ARC = YES;
				CLANG_ENABLE_OBJC_WEAK = YES;
				CLANG_WARN_BLOCK_CAPTURE_AUTORELEASING = YES;
				CLANG_WARN_BOOL_CONVERSION = YES;
				CLANG_WARN_COMMA = YES;
				CLANG_WARN_CONSTANT_CONVERSION = YES;
				CLANG_WARN_DEPRECATED_OBJC_IMPLEMENTATIONS = YES;
				CLANG_WARN_DIRECT_OBJC_ISA_USAGE = YES_ERROR;
				CLANG_WARN_DOCUMENTATION_COMMENTS = YES;
				CLANG_WARN_EMPTY_BODY = YES;
				CLANG_WARN_ENUM_CONVERSION = YES;
				CLANG_WARN_INFINITE_RECURSION = YES;
				CLANG_WARN_INT_CONVERSION = YES;
				CLANG_WARN_NON_LITERAL_NULL_CONVERSION = YES;
				CLANG_WARN_OBJC_IMPLICIT_RETAIN_SELF = YES;
				CLANG_WARN_OBJC_LITERAL_CONVERSION = YES;
				CLANG_WARN_OBJC_ROOT_CLASS = YES_ERROR;
				CLANG_WARN_RANGE_LOOP_ANALYSIS = YES;
				CLANG_WARN_STRICT_PROTOTYPES = YES;
				CLANG_WARN_SUSPICIOUS_MOVE = YES;
				CLANG_WARN_UNGUARDED_AVAILABILITY = YES_AGGRESSIVE;
				CLANG_WARN_UNREACHABLE_CODE = YES;
				CLANG_WARN__DUPLICATE_METHOD_MATCH = YES;
				COPY_PHASE_STRIP = NO;
				DEBUG_INFORMATION_FORMAT = "dwarf-with-dsym";
				ENABLE_NS_ASSERTIONS = NO;
				ENABLE_STRICT_OBJC_MSGSEND = YES;
				GCC_C_LANGUAGE_STANDARD = gnu11;
				GCC_NO_COMMON_BLOCKS = YES;
				GCC_WARN_64_TO_32_BIT_CONVERSION = YES;
				GCC_WARN_ABOUT_RETURN_TYPE = YES_ERROR;
				GCC_WARN_UNDECLARED_SELECTOR = YES;
				GCC_WARN_UNINITIALIZED_AUTOS = YES_AGGRESSIVE;
				GCC_WARN_UNUSED_FUNCTION = YES;
				GCC_WARN_UNUSED_VARIABLE = YES;
				MACOSX_DEPLOYMENT_TARGET = 10.15;
				MTL_ENABLE_DEBUG_INFO = NO;
				MTL_FAST_MATH = YES;
				SDKROOT = macosx;
			};
			name = Release;
		};
		002DACE62430F749005330B8 /* Debug */ = {
			isa = XCBuildConfiguration;
			buildSettings = {
				CODE_SIGN_STYLE = Automatic;
				PRODUCT_NAME = "$(TARGET_NAME)";
			};
			name = Debug;
		};
		002DACE72430F749005330B8 /* Release */ = {
			isa = XCBuildConfiguration;
			buildSettings = {
				CODE_SIGN_STYLE = Automatic;
				PRODUCT_NAME = "$(TARGET_NAME)";
			};
			name = Release;
		};
/* End XCBuildConfiguration section */

/* Begin XCConfigurationList section */
		002DACD92430F749005330B8 /* Build configuration list for PBXProject "C" */ = {
			isa = XCConfigurationList;
			buildConfigurations = (
				002DACE32430F749005330B8 /* Debug */,
				002DACE42430F749005330B8 /* Release */,
			);
			defaultConfigurationIsVisible = 0;
			defaultConfigurationName = Release;
		};
		002DACE52430F749005330B8 /* Build configuration list for PBXNativeTarget "C" */ = {
			isa = XCConfigurationList;
			buildConfigurations = (
				002DACE62430F749005330B8 /* Debug */,
				002DACE72430F749005330B8 /* Release */,
			);
			defaultConfigurationIsVisible = 0;
			defaultConfigurationName = Release;
		};
/* End XCConfigurationList section */
	};
	rootObject = 002DACD62430F749005330B8 /* Project object */;
}
